// !$*UTF8*$!
{
	archiveVersion = 1;
	classes = {
	};
	objectVersion = 50;
	objects = {

/* Begin PBXBuildFile section */
		A90844C3252427FA0079F3BD /* speech01App.swift in Sources */ = {isa = PBXBuildFile; fileRef = A90844C2252427FA0079F3BD /* speech01App.swift */; };
		A90844C5252427FA0079F3BD /* ContentView.swift in Sources */ = {isa = PBXBuildFile; fileRef = A90844C4252427FA0079F3BD /* ContentView.swift */; };
		A90844C7252427FB0079F3BD /* Assets.xcassets in Resources */ = {isa = PBXBuildFile; fileRef = A90844C6252427FB0079F3BD /* Assets.xcassets */; };
		A90844CA252427FB0079F3BD /* Preview Assets.xcassets in Resources */ = {isa = PBXBuildFile; fileRef = A90844C9252427FB0079F3BD /* Preview Assets.xcassets */; };
		A90844D32524281F0079F3BD /* SpeechRec.swift in Sources */ = {isa = PBXBuildFile; fileRef = A90844D22524281F0079F3BD /* SpeechRec.swift */; };
/* End PBXBuildFile section */

/* Begin PBXFileReference section */
		A90844BF252427FA0079F3BD /* speech01.app */ = {isa = PBXFileReference; explicitFileType = wrapper.application; includeInIndex = 0; path = speech01.app; sourceTree = BUILT_PRODUCTS_DIR; };
		A90844C2252427FA0079F3BD /* speech01App.swift */ = {isa = PBXFileReference; lastKnownFileType = sourcecode.swift; path = speech01App.swift; sourceTree = "<group>"; };
		A90844C4252427FA0079F3BD /* ContentView.swift */ = {isa = PBXFileReference; lastKnownFileType = sourcecode.swift; path = ContentView.swift; sourceTree = "<group>"; };
		A90844C6252427FB0079F3BD /* Assets.xcassets */ = {isa = PBXFileReference; lastKnownFileType = folder.assetcatalog; path = Assets.xcassets; sourceTree = "<group>"; };
		A90844C9252427FB0079F3BD /* Preview Assets.xcassets */ = {isa = PBXFileReference; lastKnownFileType = folder.assetcatalog; path = "Preview Assets.xcassets"; sourceTree = "<group>"; };
		A90844CB252427FB0079F3BD /* Info.plist */ = {isa = PBXFileReference; lastKnownFileType = text.plist.xml; path = Info.plist; sourceTree = "<group>"; };
		A90844D22524281F0079F3BD /* SpeechRec.swift */ = {isa = PBXFileReference; lastKnownFileType = sourcecode.swift; path = SpeechRec.swift; sourceTree = "<group>"; };
/* End PBXFileReference section */

/* Begin PBXFrameworksBuildPhase section */
		A90844BC252427FA0079F3BD /* Frameworks */ = {
			isa = PBXFrameworksBuildPhase;
			buildActionMask = 2147483647;
			files = (
			);
			runOnlyForDeploymentPostprocessing = 0;
		};
/* End PBXFrameworksBuildPhase section */

/* Begin PBXGroup section */
		A90844B6252427FA0079F3BD = {
			isa = PBXGroup;
			children = (
				A90844C1252427FA0079F3BD /* speech01 */,
				A90844C0252427FA0079F3BD /* Products */,
			);
			sourceTree = "<group>";
		};
		A90844C0252427FA0079F3BD /* Products */ = {
			isa = PBXGroup;
			children = (
				A90844BF252427FA0079F3BD /* speech01.app */,
			);
			name = Products;
			sourceTree = "<group>";
		};
		A90844C1252427FA0079F3BD /* speech01 */ = {
			isa = PBXGroup;
			children = (
				A90844C2252427FA0079F3BD /* speech01App.swift */,
				A90844C4252427FA0079F3BD /* ContentView.swift */,
				A90844D22524281F0079F3BD /* SpeechRec.swift */,
				A90844C6252427FB0079F3BD /* Assets.xcassets */,
				A90844CB252427FB0079F3BD /* Info.plist */,
				A90844C8252427FB0079F3BD /* Preview Content */,
			);
			path = speech01;
			sourceTree = "<group>";
		};
		A90844C8252427FB0079F3BD /* Preview Content */ = {
			isa = PBXGroup;
			children = (
				A90844C9252427FB0079F3BD /* Preview Assets.xcassets */,
			);
			path = "Preview Content";
			sourceTree = "<group>";
		};
/* End PBXGroup section */

/* Begin PBXNativeTarget section */
		A90844BE252427FA0079F3BD /* speech01 */ = {
			isa = PBXNativeTarget;
			buildConfigurationList = A90844CE252427FB0079F3BD /* Build configuration list for PBXNativeTarget "speech01" */;
			buildPhases = (
				A90844BB252427FA0079F3BD /* Sources */,
				A90844BC252427FA0079F3BD /* Frameworks */,
				A90844BD252427FA0079F3BD /* Resources */,
			);
			buildRules = (
			);
			dependencies = (
			);
			name = speech01;
			productName = speech01;
			productReference = A90844BF252427FA0079F3BD /* speech01.app */;
			productType = "com.apple.product-type.application";
		};
/* End PBXNativeTarget section */

/* Begin PBXProject section */
		A90844B7252427FA0079F3BD /* Project object */ = {
			isa = PBXProject;
			attributes = {
				LastSwiftUpdateCheck = 1200;
				LastUpgradeCheck = 1200;
				TargetAttributes = {
					A90844BE252427FA0079F3BD = {
						CreatedOnToolsVersion = 12.0.1;
					};
				};
			};
			buildConfigurationList = A90844BA252427FA0079F3BD /* Build configuration list for PBXProject "speech01" */;
			compatibilityVersion = "Xcode 9.3";
			developmentRegion = en;
			hasScannedForEncodings = 0;
			knownRegions = (
				en,
				Base,
			);
			mainGroup = A90844B6252427FA0079F3BD;
			productRefGroup = A90844C0252427FA0079F3BD /* Products */;
			projectDirPath = "";
			projectRoot = "";
			targets = (
				A90844BE252427FA0079F3BD /* speech01 */,
			);
		};
/* End PBXProject section */

/* Begin PBXResourcesBuildPhase section */
		A90844BD252427FA0079F3BD /* Resources */ = {
			isa = PBXResourcesBuildPhase;
			buildActionMask = 2147483647;
			files = (
				A90844CA252427FB0079F3BD /* Preview Assets.xcassets in Resources */,
				A90844C7252427FB0079F3BD /* Assets.xcassets in Resources */,
			);
			runOnlyForDeploymentPostprocessing = 0;
		};
/* End PBXResourcesBuildPhase section */

/* Begin PBXSourcesBuildPhase section */
		A90844BB252427FA0079F3BD /* Sources */ = {
			isa = PBXSourcesBuildPhase;
			buildActionMask = 2147483647;
			files = (
				A90844D32524281F0079F3BD /* SpeechRec.swift in Sources */,
				A90844C5252427FA0079F3BD /* ContentView.swift in Sources */,
				A90844C3252427FA0079F3BD /* speech01App.swift in Sources */,
			);
			runOnlyForDeploymentPostprocessing = 0;
		};
/* End PBXSourcesBuildPhase section */

/* Begin XCBuildConfiguration section */
		A90844CC252427FB0079F3BD /* Debug */ = {
			isa = XCBuildConfiguration;
			buildSettings = {
				ALWAYS_SEARCH_USER_PATHS = NO;
				CLANG_ANALYZER_NONNULL = YES;
				CLANG_ANALYZER_NUMBER_OBJECT_CONVERSION = YES_AGGRESSIVE;
				CLANG_CXX_LANGUAGE_STANDARD = "gnu++14";
				CLANG_CXX_LIBRARY = "libc++";
				CLANG_ENABLE_MODULES = YES;
				CLANG_ENABLE_OBJC_ARC = YES;
				CLANG_ENABLE_OBJC_WEAK = YES;
				CLANG_WARN_BLOCK_CAPTURE_AUTORELEASING = YES;
				CLANG_WARN_BOOL_CONVERSION = YES;
				CLANG_WARN_COMMA = YES;
				CLANG_WARN_CONSTANT_CONVERSION = YES;
				CLANG_WARN_DEPRECATED_OBJC_IMPLEMENTATIONS = YES;
				CLANG_WARN_DIRECT_OBJC_ISA_USAGE = YES_ERROR;
				CLANG_WARN_DOCUMENTATION_COMMENTS = YES;
				CLANG_WARN_EMPTY_BODY = YES;
				CLANG_WARN_ENUM_CONVERSION = YES;
				CLANG_WARN_INFINITE_RECURSION = YES;
				CLANG_WARN_INT_CONVERSION = YES;
				CLANG_WARN_NON_LITERAL_NULL_CONVERSION = YES;
				CLANG_WARN_OBJC_IMPLICIT_RETAIN_SELF = YES;
				CLANG_WARN_OBJC_LITERAL_CONVERSION = YES;
				CLANG_WARN_OBJC_ROOT_CLASS = YES_ERROR;
				CLANG_WARN_QUOTED_INCLUDE_IN_FRAMEWORK_HEADER = YES;
				CLANG_WARN_RANGE_LOOP_ANALYSIS = YES;
				CLANG_WARN_STRICT_PROTOTYPES = YES;
				CLANG_WARN_SUSPICIOUS_MOVE = YES;
				CLANG_WARN_UNGUARDED_AVAILABILITY = YES_AGGRESSIVE;
				CLANG_WARN_UNREACHABLE_CODE = YES;
				CLANG_WARN__DUPLICATE_METHOD_MATCH = YES;
				COPY_PHASE_STRIP = NO;
				DEBUG_INFORMATION_FORMAT = dwarf;
				ENABLE_STRICT_OBJC_MSGSEND = YES;
				ENABLE_TESTABILITY = YES;
				GCC_C_LANGUAGE_STANDARD = gnu11;
				GCC_DYNAMIC_NO_PIC = NO;
				GCC_NO_COMMON_BLOCKS = YES;
				GCC_OPTIMIZATION_LEVEL = 0;
				GCC_PREPROCESSOR_DEFINITIONS = (
					"DEBUG=1",
					"$(inherited)",
				);
				GCC_WARN_64_TO_32_BIT_CONVERSION = YES;
				GCC_WARN_ABOUT_RETURN_TYPE = YES_ERROR;
				GCC_WARN_UNDECLARED_SELECTOR = YES;
				GCC_WARN_UNINITIALIZED_AUTOS = YES_AGGRESSIVE;
				GCC_WARN_UNUSED_FUNCTION = YES;
				GCC_WARN_UNUSED_VARIABLE = YES;
				IPHONEOS_DEPLOYMENT_TARGET = 14.0;
				MTL_ENABLE_DEBUG_INFO = INCLUDE_SOURCE;
				MTL_FAST_MATH = YES;
				ONLY_ACTIVE_ARCH = YES;
				SDKROOT = iphoneos;
				SWIFT_ACTIVE_COMPILATION_CONDITIONS = DEBUG;
				SWIFT_OPTIMIZATION_LEVEL = "-Onone";
			};
			name = Debug;
		};
		A90844CD252427FB0079F3BD /* Release */ = {
			isa = XCBuildConfiguration;
			buildSettings = {
				ALWAYS_SEARCH_USER_PATHS = NO;
				CLANG_ANALYZER_NONNULL = YES;
				CLANG_ANALYZER_NUMBER_OBJECT_CONVERSION = YES_AGGRESSIVE;
				CLANG_CXX_LANGUAGE_STANDARD = "gnu++14";
				CLANG_CXX_LIBRARY = "libc++";
				CLANG_ENABLE_MODULES = YES;
				CLANG_ENABLE_OBJC_ARC = YES;
				CLANG_ENABLE_OBJC_WEAK = YES;
				CLANG_WARN_BLOCK_CAPTURE_AUTORELEASING = YES;
				CLANG_WARN_BOOL_CONVERSION = YES;
				CLANG_WARN_COMMA = YES;
				CLANG_WARN_CONSTANT_CONVERSION = YES;
				CLANG_WARN_DEPRECATED_OBJC_IMPLEMENTATIONS = YES;
				CLANG_WARN_DIRECT_OBJC_ISA_USAGE = YES_ERROR;
				CLANG_WARN_DOCUMENTATION_COMMENTS = YES;
				CLANG_WARN_EMPTY_BODY = YES;
				CLANG_WARN_ENUM_CONVERSION = YES;
				CLANG_WARN_INFINITE_RECURSION = YES;
				CLANG_WARN_INT_CONVERSION = YES;
				CLANG_WARN_NON_LITERAL_NULL_CONVERSION = YES;
				CLANG_WARN_OBJC_IMPLICIT_RETAIN_SELF = YES;
				CLANG_WARN_OBJC_LITERAL_CONVERSION = YES;
				CLANG_WARN_OBJC_ROOT_CLASS = YES_ERROR;
				CLANG_WARN_QUOTED_INCLUDE_IN_FRAMEWORK_HEADER = YES;
				CLANG_WARN_RANGE_LOOP_ANALYSIS = YES;
				CLANG_WARN_STRICT_PROTOTYPES = YES;
				CLANG_WARN_SUSPICIOUS_MOVE = YES;
				CLANG_WARN_UNGUARDED_AVAILABILITY = YES_AGGRESSIVE;
				CLANG_WARN_UNREACHABLE_CODE = YES;
				CLANG_WARN__DUPLICATE_METHOD_MATCH = YES;
				COPY_PHASE_STRIP = NO;
				DEBUG_INFORMATION_FORMAT = "dwarf-with-dsym";
				ENABLE_NS_ASSERTIONS = NO;
				ENABLE_STRICT_OBJC_MSGSEND = YES;
				GCC_C_LANGUAGE_STANDARD = gnu11;
				GCC_NO_COMMON_BLOCKS = YES;
				GCC_WARN_64_TO_32_BIT_CONVERSION = YES;
				GCC_WARN_ABOUT_RETURN_TYPE = YES_ERROR;
				GCC_WARN_UNDECLARED_SELECTOR = YES;
				GCC_WARN_UNINITIALIZED_AUTOS = YES_AGGRESSIVE;
				GCC_WARN_UNUSED_FUNCTION = YES;
				GCC_WARN_UNUSED_VARIABLE = YES;
				IPHONEOS_DEPLOYMENT_TARGET = 14.0;
				MTL_ENABLE_DEBUG_INFO = NO;
				MTL_FAST_MATH = YES;
				SDKROOT = iphoneos;
				SWIFT_COMPILATION_MODE = wholemodule;
				SWIFT_OPTIMIZATION_LEVEL = "-O";
				VALIDATE_PRODUCT = YES;
			};
			name = Release;
		};
		A90844CF252427FB0079F3BD /* Debug */ = {
			isa = XCBuildConfiguration;
			buildSettings = {
				ASSETCATALOG_COMPILER_APPICON_NAME = AppIcon;
				ASSETCATALOG_COMPILER_GLOBAL_ACCENT_COLOR_NAME = AccentColor;
				CODE_SIGN_STYLE = Automatic;
				DEVELOPMENT_ASSET_PATHS = "\"speech01/Preview Content\"";
				DEVELOPMENT_TEAM = J5T564JM4P;
				ENABLE_PREVIEWS = YES;
				INFOPLIST_FILE = speech01/Info.plist;
				IPHONEOS_DEPLOYMENT_TARGET = 14.0;
				LD_RUNPATH_SEARCH_PATHS = (
					"$(inherited)",
					"@executable_path/Frameworks",
				);
				PRODUCT_BUNDLE_IDENTIFIER = com.michaeltamsil.speech01;
				PRODUCT_NAME = "$(TARGET_NAME)";
				SWIFT_VERSION = 5.0;
				TARGETED_DEVICE_FAMILY = "1,2";
			};
			name = Debug;
		};
		A90844D0252427FB0079F3BD /* Release */ = {
			isa = XCBuildConfiguration;
			buildSettings = {
				ASSETCATALOG_COMPILER_APPICON_NAME = AppIcon;
				ASSETCATALOG_COMPILER_GLOBAL_ACCENT_COLOR_NAME = AccentColor;
				CODE_SIGN_STYLE = Automatic;
				DEVELOPMENT_ASSET_PATHS = "\"speech01/Preview Content\"";
				DEVELOPMENT_TEAM = J5T564JM4P;
				ENABLE_PREVIEWS = YES;
				INFOPLIST_FILE = speech01/Info.plist;
				IPHONEOS_DEPLOYMENT_TARGET = 14.0;
				LD_RUNPATH_SEARCH_PATHS = (
					"$(inherited)",
					"@executable_path/Frameworks",
				);
				PRODUCT_BUNDLE_IDENTIFIER = com.michaeltamsil.speech01;
				PRODUCT_NAME = "$(TARGET_NAME)";
				SWIFT_VERSION = 5.0;
				TARGETED_DEVICE_FAMILY = "1,2";
			};
			name = Release;
		};
/* End XCBuildConfiguration section */

/* Begin XCConfigurationList section */
		A90844BA252427FA0079F3BD /* Build configuration list for PBXProject "speech01" */ = {
			isa = XCConfigurationList;
			buildConfigurations = (
				A90844CC252427FB0079F3BD /* Debug */,
				A90844CD252427FB0079F3BD /* Release */,
			);
			defaultConfigurationIsVisible = 0;
			defaultConfigurationName = Release;
		};
		A90844CE252427FB0079F3BD /* Build configuration list for PBXNativeTarget "speech01" */ = {
			isa = XCConfigurationList;
			buildConfigurations = (
				A90844CF252427FB0079F3BD /* Debug */,
				A90844D0252427FB0079F3BD /* Release */,
			);
			defaultConfigurationIsVisible = 0;
			defaultConfigurationName = Release;
		};
/* End XCConfigurationList section */
	};
	rootObject = A90844B7252427FA0079F3BD /* Project object */;
}
